
Microsoft Visual Studio Solution File, Format Version 12.00
# Visual Studio 14
VisualStudioVersion = 14.0.23107.0
MinimumVisualStudioVersion = 10.0.40219.1
Project("{FAE04EC0-301F-11D3-BF4B-00C04F79EFBC}") = "CriminalActivities.App", "CriminalActivities.App\CriminalActivities.App.csproj", "{4A6F8C62-1F10-4ED1-9B2C-840A195B0E2E}"
EndProject
Project("{FAE04EC0-301F-11D3-BF4B-00C04F79EFBC}") = "CriminalActivities.Data", "CriminalActivities.Data\CriminalActivities.Data.csproj", "{2EECF26F-2803-42E3-9971-2C9DB3DB04CF}"
EndProject
Project("{FAE04EC0-301F-11D3-BF4B-00C04F79EFBC}") = "CriminalActivities.Models", "CriminalActivities.Models\CriminalActivities.Models.csproj", "{2AC6F9FD-DD83-41B3-89AC-9C825C6E3130}"
EndProject
Global
	GlobalSection(SolutionConfigurationPlatforms) = preSolution
		Debug|Any CPU = Debug|Any CPU
		Release|Any CPU = Release|Any CPU
	EndGlobalSection
	GlobalSection(ProjectConfigurationPlatforms) = postSolution
		{4A6F8C62-1F10-4ED1-9B2C-840A195B0E2E}.Debug|Any CPU.ActiveCfg = Debug|Any CPU
		{4A6F8C62-1F10-4ED1-9B2C-840A195B0E2E}.Debug|Any CPU.Build.0 = Debug|Any CPU
		{4A6F8C62-1F10-4ED1-9B2C-840A195B0E2E}.Release|Any CPU.ActiveCfg = Release|Any CPU
		{4A6F8C62-1F10-4ED1-9B2C-840A195B0E2E}.Release|Any CPU.Build.0 = Release|Any CPU
		{2EECF26F-2803-42E3-9971-2C9DB3DB04CF}.Debug|Any CPU.ActiveCfg = Debug|Any CPU
		{2EECF26F-2803-42E3-9971-2C9DB3DB04CF}.Debug|Any CPU.Build.0 = Debug|Any CPU
		{2EECF26F-2803-42E3-9971-2C9DB3DB04CF}.Release|Any CPU.ActiveCfg = Release|Any CPU
		{2EECF26F-2803-42E3-9971-2C9DB3DB04CF}.Release|Any CPU.Build.0 = Release|Any CPU
		{2AC6F9FD-DD83-41B3-89AC-9C825C6E3130}.Debug|Any CPU.ActiveCfg = Debug|Any CPU
		{2AC6F9FD-DD83-41B3-89AC-9C825C6E3130}.Debug|Any CPU.Build.0 = Debug|Any CPU
		{2AC6F9FD-DD83-41B3-89AC-9C825C6E3130}.Release|Any CPU.ActiveCfg = Release|Any CPU
		{2AC6F9FD-DD83-41B3-89AC-9C825C6E3130}.Release|Any CPU.Build.0 = Release|Any CPU
	EndGlobalSection
	GlobalSection(SolutionProperties) = preSolution
		HideSolutionNode = FALSE
	EndGlobalSection
EndGlobal
