
Microsoft Visual Studio Solution File, Format Version 12.00
# Visual Studio 14
VisualStudioVersion = 14.0.23107.0
MinimumVisualStudioVersion = 10.0.40219.1
Project("{FAE04EC0-301F-11D3-BF4B-00C04F79EFBC}") = "Pr1.Shapes", "Pr1.Shapes\Pr1.Shapes.csproj", "{32B4AB9C-B575-4A48-A503-E4517A384EE9}"
EndProject
Project("{FAE04EC0-301F-11D3-BF4B-00C04F79EFBC}") = "Pr2.BankOfKurtovoKonare", "Pr2.BankOfKurtovoKonare\Pr2.BankOfKurtovoKonare.csproj", "{39ED7270-2AD0-4FE0-9FBB-C49F095F5894}"
EndProject
Project("{FAE04EC0-301F-11D3-BF4B-00C04F79EFBC}") = "Pr3.GameEngine", "TheSlum-Skeleton\Pr3.GameEngine.csproj", "{7C6F7F25-2FDB-401F-B1A9-D8CE3BB7308D}"
EndProject
Global
	GlobalSection(SolutionConfigurationPlatforms) = preSolution
		Debug|Any CPU = Debug|Any CPU
		Release|Any CPU = Release|Any CPU
	EndGlobalSection
	GlobalSection(ProjectConfigurationPlatforms) = postSolution
		{32B4AB9C-B575-4A48-A503-E4517A384EE9}.Debug|Any CPU.ActiveCfg = Debug|Any CPU
		{32B4AB9C-B575-4A48-A503-E4517A384EE9}.Debug|Any CPU.Build.0 = Debug|Any CPU
		{32B4AB9C-B575-4A48-A503-E4517A384EE9}.Release|Any CPU.ActiveCfg = Release|Any CPU
		{32B4AB9C-B575-4A48-A503-E4517A384EE9}.Release|Any CPU.Build.0 = Release|Any CPU
		{39ED7270-2AD0-4FE0-9FBB-C49F095F5894}.Debug|Any CPU.ActiveCfg = Debug|Any CPU
		{39ED7270-2AD0-4FE0-9FBB-C49F095F5894}.Debug|Any CPU.Build.0 = Debug|Any CPU
		{39ED7270-2AD0-4FE0-9FBB-C49F095F5894}.Release|Any CPU.ActiveCfg = Release|Any CPU
		{39ED7270-2AD0-4FE0-9FBB-C49F095F5894}.Release|Any CPU.Build.0 = Release|Any CPU
		{7C6F7F25-2FDB-401F-B1A9-D8CE3BB7308D}.Debug|Any CPU.ActiveCfg = Debug|Any CPU
		{7C6F7F25-2FDB-401F-B1A9-D8CE3BB7308D}.Debug|Any CPU.Build.0 = Debug|Any CPU
		{7C6F7F25-2FDB-401F-B1A9-D8CE3BB7308D}.Release|Any CPU.ActiveCfg = Release|Any CPU
		{7C6F7F25-2FDB-401F-B1A9-D8CE3BB7308D}.Release|Any CPU.Build.0 = Release|Any CPU
	EndGlobalSection
	GlobalSection(SolutionProperties) = preSolution
		HideSolutionNode = FALSE
	EndGlobalSection
EndGlobal
