
Microsoft Visual Studio Solution File, Format Version 12.00
# Visual Studio 14
VisualStudioVersion = 14.0.23107.0
MinimumVisualStudioVersion = 10.0.40219.1
Project("{FAE04EC0-301F-11D3-BF4B-00C04F79EFBC}") = "Videos.Tests", "Videos.Tests\Videos.Tests.csproj", "{C09E42BD-942D-411C-BE22-3059642DE6E5}"
EndProject
Project("{FAE04EC0-301F-11D3-BF4B-00C04F79EFBC}") = "Videos.Models", "Videos.Models\Videos.Models.csproj", "{4F746666-0E51-4C28-A4B9-23344A3A1F13}"
EndProject
Project("{FAE04EC0-301F-11D3-BF4B-00C04F79EFBC}") = "Videos.Data", "Videos.Data\Videos.Data.csproj", "{E7E68DC3-9B6C-4B0B-94DD-32BD02F82FDD}"
EndProject
Project("{FAE04EC0-301F-11D3-BF4B-00C04F79EFBC}") = "Videos.Rest", "Videos.Rest\Videos.Rest.csproj", "{D6516D17-C6D6-4D97-A370-9F26767B80DB}"
EndProject
Project("{FAE04EC0-301F-11D3-BF4B-00C04F79EFBC}") = "Test", "Test\Test.csproj", "{3E2B6BA6-781D-4B41-8559-BED50838D935}"
EndProject
Global
	GlobalSection(SolutionConfigurationPlatforms) = preSolution
		Debug|Any CPU = Debug|Any CPU
		Release|Any CPU = Release|Any CPU
	EndGlobalSection
	GlobalSection(ProjectConfigurationPlatforms) = postSolution
		{C09E42BD-942D-411C-BE22-3059642DE6E5}.Debug|Any CPU.ActiveCfg = Debug|Any CPU
		{C09E42BD-942D-411C-BE22-3059642DE6E5}.Debug|Any CPU.Build.0 = Debug|Any CPU
		{C09E42BD-942D-411C-BE22-3059642DE6E5}.Release|Any CPU.ActiveCfg = Release|Any CPU
		{C09E42BD-942D-411C-BE22-3059642DE6E5}.Release|Any CPU.Build.0 = Release|Any CPU
		{4F746666-0E51-4C28-A4B9-23344A3A1F13}.Debug|Any CPU.ActiveCfg = Debug|Any CPU
		{4F746666-0E51-4C28-A4B9-23344A3A1F13}.Debug|Any CPU.Build.0 = Debug|Any CPU
		{4F746666-0E51-4C28-A4B9-23344A3A1F13}.Release|Any CPU.ActiveCfg = Release|Any CPU
		{4F746666-0E51-4C28-A4B9-23344A3A1F13}.Release|Any CPU.Build.0 = Release|Any CPU
		{E7E68DC3-9B6C-4B0B-94DD-32BD02F82FDD}.Debug|Any CPU.ActiveCfg = Debug|Any CPU
		{E7E68DC3-9B6C-4B0B-94DD-32BD02F82FDD}.Debug|Any CPU.Build.0 = Debug|Any CPU
		{E7E68DC3-9B6C-4B0B-94DD-32BD02F82FDD}.Release|Any CPU.ActiveCfg = Release|Any CPU
		{E7E68DC3-9B6C-4B0B-94DD-32BD02F82FDD}.Release|Any CPU.Build.0 = Release|Any CPU
		{D6516D17-C6D6-4D97-A370-9F26767B80DB}.Debug|Any CPU.ActiveCfg = Debug|Any CPU
		{D6516D17-C6D6-4D97-A370-9F26767B80DB}.Debug|Any CPU.Build.0 = Debug|Any CPU
		{D6516D17-C6D6-4D97-A370-9F26767B80DB}.Release|Any CPU.ActiveCfg = Release|Any CPU
		{D6516D17-C6D6-4D97-A370-9F26767B80DB}.Release|Any CPU.Build.0 = Release|Any CPU
		{3E2B6BA6-781D-4B41-8559-BED50838D935}.Debug|Any CPU.ActiveCfg = Debug|Any CPU
		{3E2B6BA6-781D-4B41-8559-BED50838D935}.Debug|Any CPU.Build.0 = Debug|Any CPU
		{3E2B6BA6-781D-4B41-8559-BED50838D935}.Release|Any CPU.ActiveCfg = Release|Any CPU
		{3E2B6BA6-781D-4B41-8559-BED50838D935}.Release|Any CPU.Build.0 = Release|Any CPU
	EndGlobalSection
	GlobalSection(SolutionProperties) = preSolution
		HideSolutionNode = FALSE
	EndGlobalSection
EndGlobal
